// !$*UTF8*$!
{
	archiveVersion = 1;
	classes = {
	};
	objectVersion = 56;
	objects = {

/* Begin PBXBuildFile section */
		181A98A12C1923BB0064DC0A /* AppDelegate.m in Sources */ = {isa = PBXBuildFile; fileRef = 181A98A02C1923BB0064DC0A /* AppDelegate.m */; };
		181A98A42C1923BB0064DC0A /* ViewController.m in Sources */ = {isa = PBXBuildFile; fileRef = 181A98A32C1923BB0064DC0A /* ViewController.m */; };
		181A98A62C1923BD0064DC0A /* Assets.xcassets in Resources */ = {isa = PBXBuildFile; fileRef = 181A98A52C1923BD0064DC0A /* Assets.xcassets */; };
		181A98A92C1923BD0064DC0A /* Main.storyboard in Resources */ = {isa = PBXBuildFile; fileRef = 181A98A72C1923BD0064DC0A /* Main.storyboard */; };
		181A98AB2C1923BD0064DC0A /* main.m in Sources */ = {isa = PBXBuildFile; fileRef = 181A98AA2C1923BD0064DC0A /* main.m */; };
		181A98B62C1923BD0064DC0A /* OriginSSHTestTests.m in Sources */ = {isa = PBXBuildFile; fileRef = 181A98B52C1923BD0064DC0A /* OriginSSHTestTests.m */; };
		181A98C02C1923BD0064DC0A /* OriginSSHTestUITests.m in Sources */ = {isa = PBXBuildFile; fileRef = 181A98BF2C1923BD0064DC0A /* OriginSSHTestUITests.m */; };
		181A98C22C1923BD0064DC0A /* OriginSSHTestUITestsLaunchTests.m in Sources */ = {isa = PBXBuildFile; fileRef = 181A98C12C1923BD0064DC0A /* OriginSSHTestUITestsLaunchTests.m */; };
/* End PBXBuildFile section */

/* Begin PBXContainerItemProxy section */
		181A98B22C1923BD0064DC0A /* PBXContainerItemProxy */ = {
			isa = PBXContainerItemProxy;
			containerPortal = 181A98942C1923BB0064DC0A /* Project object */;
			proxyType = 1;
			remoteGlobalIDString = 181A989B2C1923BB0064DC0A;
			remoteInfo = OriginSSHTest;
		};
		181A98BC2C1923BD0064DC0A /* PBXContainerItemProxy */ = {
			isa = PBXContainerItemProxy;
			containerPortal = 181A98942C1923BB0064DC0A /* Project object */;
			proxyType = 1;
			remoteGlobalIDString = 181A989B2C1923BB0064DC0A;
			remoteInfo = OriginSSHTest;
		};
/* End PBXContainerItemProxy section */

/* Begin PBXFileReference section */
		181A989C2C1923BB0064DC0A /* OriginSSHTest.app */ = {isa = PBXFileReference; explicitFileType = wrapper.application; includeInIndex = 0; path = OriginSSHTest.app; sourceTree = BUILT_PRODUCTS_DIR; };
		181A989F2C1923BB0064DC0A /* AppDelegate.h */ = {isa = PBXFileReference; lastKnownFileType = sourcecode.c.h; path = AppDelegate.h; sourceTree = "<group>"; };
		181A98A02C1923BB0064DC0A /* AppDelegate.m */ = {isa = PBXFileReference; lastKnownFileType = sourcecode.c.objc; path = AppDelegate.m; sourceTree = "<group>"; };
		181A98A22C1923BB0064DC0A /* ViewController.h */ = {isa = PBXFileReference; lastKnownFileType = sourcecode.c.h; path = ViewController.h; sourceTree = "<group>"; };
		181A98A32C1923BB0064DC0A /* ViewController.m */ = {isa = PBXFileReference; lastKnownFileType = sourcecode.c.objc; path = ViewController.m; sourceTree = "<group>"; };
		181A98A52C1923BD0064DC0A /* Assets.xcassets */ = {isa = PBXFileReference; lastKnownFileType = folder.assetcatalog; path = Assets.xcassets; sourceTree = "<group>"; };
		181A98A82C1923BD0064DC0A /* Base */ = {isa = PBXFileReference; lastKnownFileType = file.storyboard; name = Base; path = Base.lproj/Main.storyboard; sourceTree = "<group>"; };
		181A98AA2C1923BD0064DC0A /* main.m */ = {isa = PBXFileReference; lastKnownFileType = sourcecode.c.objc; path = main.m; sourceTree = "<group>"; };
		181A98AC2C1923BD0064DC0A /* OriginSSHTest.entitlements */ = {isa = PBXFileReference; lastKnownFileType = text.plist.entitlements; path = OriginSSHTest.entitlements; sourceTree = "<group>"; };
		181A98B12C1923BD0064DC0A /* OriginSSHTestTests.xctest */ = {isa = PBXFileReference; explicitFileType = wrapper.cfbundle; includeInIndex = 0; path = OriginSSHTestTests.xctest; sourceTree = BUILT_PRODUCTS_DIR; };
		181A98B52C1923BD0064DC0A /* OriginSSHTestTests.m */ = {isa = PBXFileReference; lastKnownFileType = sourcecode.c.objc; path = OriginSSHTestTests.m; sourceTree = "<group>"; };
		181A98BB2C1923BD0064DC0A /* OriginSSHTestUITests.xctest */ = {isa = PBXFileReference; explicitFileType = wrapper.cfbundle; includeInIndex = 0; path = OriginSSHTestUITests.xctest; sourceTree = BUILT_PRODUCTS_DIR; };
		181A98BF2C1923BD0064DC0A /* OriginSSHTestUITests.m */ = {isa = PBXFileReference; lastKnownFileType = sourcecode.c.objc; path = OriginSSHTestUITests.m; sourceTree = "<group>"; };
		181A98C12C1923BD0064DC0A /* OriginSSHTestUITestsLaunchTests.m */ = {isa = PBXFileReference; lastKnownFileType = sourcecode.c.objc; path = OriginSSHTestUITestsLaunchTests.m; sourceTree = "<group>"; };
/* End PBXFileReference section */

/* Begin PBXFrameworksBuildPhase section */
		181A98992C1923BB0064DC0A /* Frameworks */ = {
			isa = PBXFrameworksBuildPhase;
			buildActionMask = 2147483647;
			files = (
			);
			runOnlyForDeploymentPostprocessing = 0;
		};
		181A98AE2C1923BD0064DC0A /* Frameworks */ = {
			isa = PBXFrameworksBuildPhase;
			buildActionMask = 2147483647;
			files = (
			);
			runOnlyForDeploymentPostprocessing = 0;
		};
		181A98B82C1923BD0064DC0A /* Frameworks */ = {
			isa = PBXFrameworksBuildPhase;
			buildActionMask = 2147483647;
			files = (
			);
			runOnlyForDeploymentPostprocessing = 0;
		};
/* End PBXFrameworksBuildPhase section */

/* Begin PBXGroup section */
		181A98932C1923BB0064DC0A = {
			isa = PBXGroup;
			children = (
				181A989E2C1923BB0064DC0A /* OriginSSHTest */,
				181A98B42C1923BD0064DC0A /* OriginSSHTestTests */,
				181A98BE2C1923BD0064DC0A /* OriginSSHTestUITests */,
				181A989D2C1923BB0064DC0A /* Products */,
			);
			sourceTree = "<group>";
		};
		181A989D2C1923BB0064DC0A /* Products */ = {
			isa = PBXGroup;
			children = (
				181A989C2C1923BB0064DC0A /* OriginSSHTest.app */,
				181A98B12C1923BD0064DC0A /* OriginSSHTestTests.xctest */,
				181A98BB2C1923BD0064DC0A /* OriginSSHTestUITests.xctest */,
			);
			name = Products;
			sourceTree = "<group>";
		};
		181A989E2C1923BB0064DC0A /* OriginSSHTest */ = {
			isa = PBXGroup;
			children = (
				181A989F2C1923BB0064DC0A /* AppDelegate.h */,
				181A98A02C1923BB0064DC0A /* AppDelegate.m */,
				181A98A22C1923BB0064DC0A /* ViewController.h */,
				181A98A32C1923BB0064DC0A /* ViewController.m */,
				181A98A52C1923BD0064DC0A /* Assets.xcassets */,
				181A98A72C1923BD0064DC0A /* Main.storyboard */,
				181A98AA2C1923BD0064DC0A /* main.m */,
				181A98AC2C1923BD0064DC0A /* OriginSSHTest.entitlements */,
			);
			path = OriginSSHTest;
			sourceTree = "<group>";
		};
		181A98B42C1923BD0064DC0A /* OriginSSHTestTests */ = {
			isa = PBXGroup;
			children = (
				181A98B52C1923BD0064DC0A /* OriginSSHTestTests.m */,
			);
			path = OriginSSHTestTests;
			sourceTree = "<group>";
		};
		181A98BE2C1923BD0064DC0A /* OriginSSHTestUITests */ = {
			isa = PBXGroup;
			children = (
				181A98BF2C1923BD0064DC0A /* OriginSSHTestUITests.m */,
				181A98C12C1923BD0064DC0A /* OriginSSHTestUITestsLaunchTests.m */,
			);
			path = OriginSSHTestUITests;
			sourceTree = "<group>";
		};
/* End PBXGroup section */

/* Begin PBXNativeTarget section */
		181A989B2C1923BB0064DC0A /* OriginSSHTest */ = {
			isa = PBXNativeTarget;
			buildConfigurationList = 181A98C52C1923BD0064DC0A /* Build configuration list for PBXNativeTarget "OriginSSHTest" */;
			buildPhases = (
				181A98982C1923BB0064DC0A /* Sources */,
				181A98992C1923BB0064DC0A /* Frameworks */,
				181A989A2C1923BB0064DC0A /* Resources */,
			);
			buildRules = (
			);
			dependencies = (
			);
			name = OriginSSHTest;
			productName = OriginSSHTest;
			productReference = 181A989C2C1923BB0064DC0A /* OriginSSHTest.app */;
			productType = "com.apple.product-type.application";
		};
		181A98B02C1923BD0064DC0A /* OriginSSHTestTests */ = {
			isa = PBXNativeTarget;
			buildConfigurationList = 181A98C82C1923BD0064DC0A /* Build configuration list for PBXNativeTarget "OriginSSHTestTests" */;
			buildPhases = (
				181A98AD2C1923BD0064DC0A /* Sources */,
				181A98AE2C1923BD0064DC0A /* Frameworks */,
				181A98AF2C1923BD0064DC0A /* Resources */,
			);
			buildRules = (
			);
			dependencies = (
				181A98B32C1923BD0064DC0A /* PBXTargetDependency */,
			);
			name = OriginSSHTestTests;
			productName = OriginSSHTestTests;
			productReference = 181A98B12C1923BD0064DC0A /* OriginSSHTestTests.xctest */;
			productType = "com.apple.product-type.bundle.unit-test";
		};
		181A98BA2C1923BD0064DC0A /* OriginSSHTestUITests */ = {
			isa = PBXNativeTarget;
			buildConfigurationList = 181A98CB2C1923BD0064DC0A /* Build configuration list for PBXNativeTarget "OriginSSHTestUITests" */;
			buildPhases = (
				181A98B72C1923BD0064DC0A /* Sources */,
				181A98B82C1923BD0064DC0A /* Frameworks */,
				181A98B92C1923BD0064DC0A /* Resources */,
			);
			buildRules = (
			);
			dependencies = (
				181A98BD2C1923BD0064DC0A /* PBXTargetDependency */,
			);
			name = OriginSSHTestUITests;
			productName = OriginSSHTestUITests;
			productReference = 181A98BB2C1923BD0064DC0A /* OriginSSHTestUITests.xctest */;
			productType = "com.apple.product-type.bundle.ui-testing";
		};
/* End PBXNativeTarget section */

/* Begin PBXProject section */
		181A98942C1923BB0064DC0A /* Project object */ = {
			isa = PBXProject;
			attributes = {
				BuildIndependentTargetsInParallel = 1;
				LastUpgradeCheck = 1520;
				TargetAttributes = {
					181A989B2C1923BB0064DC0A = {
						CreatedOnToolsVersion = 15.2;
					};
					181A98B02C1923BD0064DC0A = {
						CreatedOnToolsVersion = 15.2;
						TestTargetID = 181A989B2C1923BB0064DC0A;
					};
					181A98BA2C1923BD0064DC0A = {
						CreatedOnToolsVersion = 15.2;
						TestTargetID = 181A989B2C1923BB0064DC0A;
					};
				};
			};
			buildConfigurationList = 181A98972C1923BB0064DC0A /* Build configuration list for PBXProject "OriginSSHTest" */;
			compatibilityVersion = "Xcode 14.0";
			developmentRegion = en;
			hasScannedForEncodings = 0;
			knownRegions = (
				en,
				Base,
			);
			mainGroup = 181A98932C1923BB0064DC0A;
			productRefGroup = 181A989D2C1923BB0064DC0A /* Products */;
			projectDirPath = "";
			projectRoot = "";
			targets = (
				181A989B2C1923BB0064DC0A /* OriginSSHTest */,
				181A98B02C1923BD0064DC0A /* OriginSSHTestTests */,
				181A98BA2C1923BD0064DC0A /* OriginSSHTestUITests */,
			);
		};
/* End PBXProject section */

/* Begin PBXResourcesBuildPhase section */
		181A989A2C1923BB0064DC0A /* Resources */ = {
			isa = PBXResourcesBuildPhase;
			buildActionMask = 2147483647;
			files = (
				181A98A62C1923BD0064DC0A /* Assets.xcassets in Resources */,
				181A98A92C1923BD0064DC0A /* Main.storyboard in Resources */,
			);
			runOnlyForDeploymentPostprocessing = 0;
		};
		181A98AF2C1923BD0064DC0A /* Resources */ = {
			isa = PBXResourcesBuildPhase;
			buildActionMask = 2147483647;
			files = (
			);
			runOnlyForDeploymentPostprocessing = 0;
		};
		181A98B92C1923BD0064DC0A /* Resources */ = {
			isa = PBXResourcesBuildPhase;
			buildActionMask = 2147483647;
			files = (
			);
			runOnlyForDeploymentPostprocessing = 0;
		};
/* End PBXResourcesBuildPhase section */

/* Begin PBXSourcesBuildPhase section */
		181A98982C1923BB0064DC0A /* Sources */ = {
			isa = PBXSourcesBuildPhase;
			buildActionMask = 2147483647;
			files = (
				181A98A42C1923BB0064DC0A /* ViewController.m in Sources */,
				181A98AB2C1923BD0064DC0A /* main.m in Sources */,
				181A98A12C1923BB0064DC0A /* AppDelegate.m in Sources */,
			);
			runOnlyForDeploymentPostprocessing = 0;
		};
		181A98AD2C1923BD0064DC0A /* Sources */ = {
			isa = PBXSourcesBuildPhase;
			buildActionMask = 2147483647;
			files = (
				181A98B62C1923BD0064DC0A /* OriginSSHTestTests.m in Sources */,
			);
			runOnlyForDeploymentPostprocessing = 0;
		};
		181A98B72C1923BD0064DC0A /* Sources */ = {
			isa = PBXSourcesBuildPhase;
			buildActionMask = 2147483647;
			files = (
				181A98C02C1923BD0064DC0A /* OriginSSHTestUITests.m in Sources */,
				181A98C22C1923BD0064DC0A /* OriginSSHTestUITestsLaunchTests.m in Sources */,
			);
			runOnlyForDeploymentPostprocessing = 0;
		};
/* End PBXSourcesBuildPhase section */

/* Begin PBXTargetDependency section */
		181A98B32C1923BD0064DC0A /* PBXTargetDependency */ = {
			isa = PBXTargetDependency;
			target = 181A989B2C1923BB0064DC0A /* OriginSSHTest */;
			targetProxy = 181A98B22C1923BD0064DC0A /* PBXContainerItemProxy */;
		};
		181A98BD2C1923BD0064DC0A /* PBXTargetDependency */ = {
			isa = PBXTargetDependency;
			target = 181A989B2C1923BB0064DC0A /* OriginSSHTest */;
			targetProxy = 181A98BC2C1923BD0064DC0A /* PBXContainerItemProxy */;
		};
/* End PBXTargetDependency section */

/* Begin PBXVariantGroup section */
		181A98A72C1923BD0064DC0A /* Main.storyboard */ = {
			isa = PBXVariantGroup;
			children = (
				181A98A82C1923BD0064DC0A /* Base */,
			);
			name = Main.storyboard;
			sourceTree = "<group>";
		};
/* End PBXVariantGroup section */

/* Begin XCBuildConfiguration section */
		181A98C32C1923BD0064DC0A /* Debug */ = {
			isa = XCBuildConfiguration;
			buildSettings = {
				ALWAYS_SEARCH_USER_PATHS = NO;
				ASSETCATALOG_COMPILER_GENERATE_SWIFT_ASSET_SYMBOL_EXTENSIONS = YES;
				CLANG_ANALYZER_NONNULL = YES;
				CLANG_ANALYZER_NUMBER_OBJECT_CONVERSION = YES_AGGRESSIVE;
				CLANG_CXX_LANGUAGE_STANDARD = "gnu++20";
				CLANG_ENABLE_MODULES = YES;
				CLANG_ENABLE_OBJC_ARC = YES;
				CLANG_ENABLE_OBJC_WEAK = YES;
				CLANG_WARN_BLOCK_CAPTURE_AUTORELEASING = YES;
				CLANG_WARN_BOOL_CONVERSION = YES;
				CLANG_WARN_COMMA = YES;
				CLANG_WARN_CONSTANT_CONVERSION = YES;
				CLANG_WARN_DEPRECATED_OBJC_IMPLEMENTATIONS = YES;
				CLANG_WARN_DIRECT_OBJC_ISA_USAGE = YES_ERROR;
				CLANG_WARN_DOCUMENTATION_COMMENTS = YES;
				CLANG_WARN_EMPTY_BODY = YES;
				CLANG_WARN_ENUM_CONVERSION = YES;
				CLANG_WARN_INFINITE_RECURSION = YES;
				CLANG_WARN_INT_CONVERSION = YES;
				CLANG_WARN_NON_LITERAL_NULL_CONVERSION = YES;
				CLANG_WARN_OBJC_IMPLICIT_RETAIN_SELF = YES;
				CLANG_WARN_OBJC_LITERAL_CONVERSION = YES;
				CLANG_WARN_OBJC_ROOT_CLASS = YES_ERROR;
				CLANG_WARN_QUOTED_INCLUDE_IN_FRAMEWORK_HEADER = YES;
				CLANG_WARN_RANGE_LOOP_ANALYSIS = YES;
				CLANG_WARN_STRICT_PROTOTYPES = YES;
				CLANG_WARN_SUSPICIOUS_MOVE = YES;
				CLANG_WARN_UNGUARDED_AVAILABILITY = YES_AGGRESSIVE;
				CLANG_WARN_UNREACHABLE_CODE = YES;
				CLANG_WARN__DUPLICATE_METHOD_MATCH = YES;
				COPY_PHASE_STRIP = NO;
				DEBUG_INFORMATION_FORMAT = dwarf;
				ENABLE_STRICT_OBJC_MSGSEND = YES;
				ENABLE_TESTABILITY = YES;
				ENABLE_USER_SCRIPT_SANDBOXING = YES;
				GCC_C_LANGUAGE_STANDARD = gnu17;
				GCC_DYNAMIC_NO_PIC = NO;
				GCC_NO_COMMON_BLOCKS = YES;
				GCC_OPTIMIZATION_LEVEL = 0;
				GCC_PREPROCESSOR_DEFINITIONS = (
					"DEBUG=1",
					"$(inherited)",
				);
				GCC_WARN_64_TO_32_BIT_CONVERSION = YES;
				GCC_WARN_ABOUT_RETURN_TYPE = YES_ERROR;
				GCC_WARN_UNDECLARED_SELECTOR = YES;
				GCC_WARN_UNINITIALIZED_AUTOS = YES_AGGRESSIVE;
				GCC_WARN_UNUSED_FUNCTION = YES;
				GCC_WARN_UNUSED_VARIABLE = YES;
				LOCALIZATION_PREFERS_STRING_CATALOGS = YES;
				MACOSX_DEPLOYMENT_TARGET = 13.6;
				MTL_ENABLE_DEBUG_INFO = INCLUDE_SOURCE;
				MTL_FAST_MATH = YES;
				ONLY_ACTIVE_ARCH = YES;
				SDKROOT = macosx;
			};
			name = Debug;
		};
		181A98C42C1923BD0064DC0A /* Release */ = {
			isa = XCBuildConfiguration;
			buildSettings = {
				ALWAYS_SEARCH_USER_PATHS = NO;
				ASSETCATALOG_COMPILER_GENERATE_SWIFT_ASSET_SYMBOL_EXTENSIONS = YES;
				CLANG_ANALYZER_NONNULL = YES;
				CLANG_ANALYZER_NUMBER_OBJECT_CONVERSION = YES_AGGRESSIVE;
				CLANG_CXX_LANGUAGE_STANDARD = "gnu++20";
				CLANG_ENABLE_MODULES = YES;
				CLANG_ENABLE_OBJC_ARC = YES;
				CLANG_ENABLE_OBJC_WEAK = YES;
				CLANG_WARN_BLOCK_CAPTURE_AUTORELEASING = YES;
				CLANG_WARN_BOOL_CONVERSION = YES;
				CLANG_WARN_COMMA = YES;
				CLANG_WARN_CONSTANT_CONVERSION = YES;
				CLANG_WARN_DEPRECATED_OBJC_IMPLEMENTATIONS = YES;
				CLANG_WARN_DIRECT_OBJC_ISA_USAGE = YES_ERROR;
				CLANG_WARN_DOCUMENTATION_COMMENTS = YES;
				CLANG_WARN_EMPTY_BODY = YES;
				CLANG_WARN_ENUM_CONVERSION = YES;
				CLANG_WARN_INFINITE_RECURSION = YES;
				CLANG_WARN_INT_CONVERSION = YES;
				CLANG_WARN_NON_LITERAL_NULL_CONVERSION = YES;
				CLANG_WARN_OBJC_IMPLICIT_RETAIN_SELF = YES;
				CLANG_WARN_OBJC_LITERAL_CONVERSION = YES;
				CLANG_WARN_OBJC_ROOT_CLASS = YES_ERROR;
				CLANG_WARN_QUOTED_INCLUDE_IN_FRAMEWORK_HEADER = YES;
				CLANG_WARN_RANGE_LOOP_ANALYSIS = YES;
				CLANG_WARN_STRICT_PROTOTYPES = YES;
				CLANG_WARN_SUSPICIOUS_MOVE = YES;
				CLANG_WARN_UNGUARDED_AVAILABILITY = YES_AGGRESSIVE;
				CLANG_WARN_UNREACHABLE_CODE = YES;
				CLANG_WARN__DUPLICATE_METHOD_MATCH = YES;
				COPY_PHASE_STRIP = NO;
				DEBUG_INFORMATION_FORMAT = "dwarf-with-dsym";
				ENABLE_NS_ASSERTIONS = NO;
				ENABLE_STRICT_OBJC_MSGSEND = YES;
				ENABLE_USER_SCRIPT_SANDBOXING = YES;
				GCC_C_LANGUAGE_STANDARD = gnu17;
				GCC_NO_COMMON_BLOCKS = YES;
				GCC_WARN_64_TO_32_BIT_CONVERSION = YES;
				GCC_WARN_ABOUT_RETURN_TYPE = YES_ERROR;
				GCC_WARN_UNDECLARED_SELECTOR = YES;
				GCC_WARN_UNINITIALIZED_AUTOS = YES_AGGRESSIVE;
				GCC_WARN_UNUSED_FUNCTION = YES;
				GCC_WARN_UNUSED_VARIABLE = YES;
				LOCALIZATION_PREFERS_STRING_CATALOGS = YES;
				MACOSX_DEPLOYMENT_TARGET = 13.6;
				MTL_ENABLE_DEBUG_INFO = NO;
				MTL_FAST_MATH = YES;
				SDKROOT = macosx;
			};
			name = Release;
		};
		181A98C62C1923BD0064DC0A /* Debug */ = {
			isa = XCBuildConfiguration;
			buildSettings = {
				ASSETCATALOG_COMPILER_APPICON_NAME = AppIcon;
				ASSETCATALOG_COMPILER_GLOBAL_ACCENT_COLOR_NAME = AccentColor;
				CODE_SIGN_ENTITLEMENTS = OriginSSHTest/OriginSSHTest.entitlements;
				CODE_SIGN_STYLE = Automatic;
				COMBINE_HIDPI_IMAGES = YES;
				CURRENT_PROJECT_VERSION = 1;
				GENERATE_INFOPLIST_FILE = YES;
				INFOPLIST_KEY_NSHumanReadableCopyright = "";
				INFOPLIST_KEY_NSMainStoryboardFile = Main;
				INFOPLIST_KEY_NSPrincipalClass = NSApplication;
				LD_RUNPATH_SEARCH_PATHS = (
					"$(inherited)",
					"@executable_path/../Frameworks",
				);
				MARKETING_VERSION = 1.0;
				PRODUCT_BUNDLE_IDENTIFIER = Test.OriginSSHTest;
				PRODUCT_NAME = "$(TARGET_NAME)";
				SWIFT_EMIT_LOC_STRINGS = YES;
			};
			name = Debug;
		};
		181A98C72C1923BD0064DC0A /* Release */ = {
			isa = XCBuildConfiguration;
			buildSettings = {
				ASSETCATALOG_COMPILER_APPICON_NAME = AppIcon;
				ASSETCATALOG_COMPILER_GLOBAL_ACCENT_COLOR_NAME = AccentColor;
				CODE_SIGN_ENTITLEMENTS = OriginSSHTest/OriginSSHTest.entitlements;
				CODE_SIGN_STYLE = Automatic;
				COMBINE_HIDPI_IMAGES = YES;
				CURRENT_PROJECT_VERSION = 1;
				GENERATE_INFOPLIST_FILE = YES;
				INFOPLIST_KEY_NSHumanReadableCopyright = "";
				INFOPLIST_KEY_NSMainStoryboardFile = Main;
				INFOPLIST_KEY_NSPrincipalClass = NSApplication;
				LD_RUNPATH_SEARCH_PATHS = (
					"$(inherited)",
					"@executable_path/../Frameworks",
				);
				MARKETING_VERSION = 1.0;
				PRODUCT_BUNDLE_IDENTIFIER = Test.OriginSSHTest;
				PRODUCT_NAME = "$(TARGET_NAME)";
				SWIFT_EMIT_LOC_STRINGS = YES;
			};
			name = Release;
		};
		181A98C92C1923BD0064DC0A /* Debug */ = {
			isa = XCBuildConfiguration;
			buildSettings = {
				BUNDLE_LOADER = "$(TEST_HOST)";
				CODE_SIGN_STYLE = Automatic;
				CURRENT_PROJECT_VERSION = 1;
				GENERATE_INFOPLIST_FILE = YES;
				MACOSX_DEPLOYMENT_TARGET = 13.6;
				MARKETING_VERSION = 1.0;
				PRODUCT_BUNDLE_IDENTIFIER = Test.OriginSSHTestTests;
				PRODUCT_NAME = "$(TARGET_NAME)";
				SWIFT_EMIT_LOC_STRINGS = NO;
				TEST_HOST = "$(BUILT_PRODUCTS_DIR)/OriginSSHTest.app/$(BUNDLE_EXECUTABLE_FOLDER_PATH)/OriginSSHTest";
			};
			name = Debug;
		};
		181A98CA2C1923BD0064DC0A /* Release */ = {
			isa = XCBuildConfiguration;
			buildSettings = {
				BUNDLE_LOADER = "$(TEST_HOST)";
				CODE_SIGN_STYLE = Automatic;
				CURRENT_PROJECT_VERSION = 1;
				GENERATE_INFOPLIST_FILE = YES;
				MACOSX_DEPLOYMENT_TARGET = 13.6;
				MARKETING_VERSION = 1.0;
				PRODUCT_BUNDLE_IDENTIFIER = Test.OriginSSHTestTests;
				PRODUCT_NAME = "$(TARGET_NAME)";
				SWIFT_EMIT_LOC_STRINGS = NO;
				TEST_HOST = "$(BUILT_PRODUCTS_DIR)/OriginSSHTest.app/$(BUNDLE_EXECUTABLE_FOLDER_PATH)/OriginSSHTest";
			};
			name = Release;
		};
		181A98CC2C1923BD0064DC0A /* Debug */ = {
			isa = XCBuildConfiguration;
			buildSettings = {
				CODE_SIGN_STYLE = Automatic;
				CURRENT_PROJECT_VERSION = 1;
				GENERATE_INFOPLIST_FILE = YES;
				MARKETING_VERSION = 1.0;
				PRODUCT_BUNDLE_IDENTIFIER = Test.OriginSSHTestUITests;
				PRODUCT_NAME = "$(TARGET_NAME)";
				SWIFT_EMIT_LOC_STRINGS = NO;
				TEST_TARGET_NAME = OriginSSHTest;
			};
			name = Debug;
		};
		181A98CD2C1923BD0064DC0A /* Release */ = {
			isa = XCBuildConfiguration;
			buildSettings = {
				CODE_SIGN_STYLE = Automatic;
				CURRENT_PROJECT_VERSION = 1;
				GENERATE_INFOPLIST_FILE = YES;
				MARKETING_VERSION = 1.0;
				PRODUCT_BUNDLE_IDENTIFIER = Test.OriginSSHTestUITests;
				PRODUCT_NAME = "$(TARGET_NAME)";
				SWIFT_EMIT_LOC_STRINGS = NO;
				TEST_TARGET_NAME = OriginSSHTest;
			};
			name = Release;
		};
/* End XCBuildConfiguration section */

/* Begin XCConfigurationList section */
		181A98972C1923BB0064DC0A /* Build configuration list for PBXProject "OriginSSHTest" */ = {
			isa = XCConfigurationList;
			buildConfigurations = (
				181A98C32C1923BD0064DC0A /* Debug */,
				181A98C42C1923BD0064DC0A /* Release */,
			);
			defaultConfigurationIsVisible = 0;
			defaultConfigurationName = Release;
		};
		181A98C52C1923BD0064DC0A /* Build configuration list for PBXNativeTarget "OriginSSHTest" */ = {
			isa = XCConfigurationList;
			buildConfigurations = (
				181A98C62C1923BD0064DC0A /* Debug */,
				181A98C72C1923BD0064DC0A /* Release */,
			);
			defaultConfigurationIsVisible = 0;
			defaultConfigurationName = Release;
		};
		181A98C82C1923BD0064DC0A /* Build configuration list for PBXNativeTarget "OriginSSHTestTests" */ = {
			isa = XCConfigurationList;
			buildConfigurations = (
				181A98C92C1923BD0064DC0A /* Debug */,
				181A98CA2C1923BD0064DC0A /* Release */,
			);
			defaultConfigurationIsVisible = 0;
			defaultConfigurationName = Release;
		};
		181A98CB2C1923BD0064DC0A /* Build configuration list for PBXNativeTarget "OriginSSHTestUITests" */ = {
			isa = XCConfigurationList;
			buildConfigurations = (
				181A98CC2C1923BD0064DC0A /* Debug */,
				181A98CD2C1923BD0064DC0A /* Release */,
			);
			defaultConfigurationIsVisible = 0;
			defaultConfigurationName = Release;
		};
/* End XCConfigurationList section */
	};
	rootObject = 181A98942C1923BB0064DC0A /* Project object */;
}
